// !$*UTF8*$!
{
	archiveVersion = 1;
	classes = {
	};
	objectVersion = 50;
	objects = {

/* Begin PBXBuildFile section */
		876057AD23C3ECCD007467DC /* AppDelegate.swift in Sources */ = {isa = PBXBuildFile; fileRef = 876057AC23C3ECCD007467DC /* AppDelegate.swift */; };
		876057AF23C3ECCD007467DC /* SceneDelegate.swift in Sources */ = {isa = PBXBuildFile; fileRef = 876057AE23C3ECCD007467DC /* SceneDelegate.swift */; };
		876057B123C3ECCD007467DC /* ViewController.swift in Sources */ = {isa = PBXBuildFile; fileRef = 876057B023C3ECCD007467DC /* ViewController.swift */; };
		876057B423C3ECCD007467DC /* Main.storyboard in Resources */ = {isa = PBXBuildFile; fileRef = 876057B223C3ECCD007467DC /* Main.storyboard */; };
		876057B623C3ECCE007467DC /* Assets.xcassets in Resources */ = {isa = PBXBuildFile; fileRef = 876057B523C3ECCE007467DC /* Assets.xcassets */; };
		876057B923C3ECCE007467DC /* LaunchScreen.storyboard in Resources */ = {isa = PBXBuildFile; fileRef = 876057B723C3ECCE007467DC /* LaunchScreen.storyboard */; };
		876057C323C3EF55007467DC /* 許茹芸.mp4 in Resources */ = {isa = PBXBuildFile; fileRef = 876057C223C3EF55007467DC /* 許茹芸.mp4 */; };
/* End PBXBuildFile section */

/* Begin PBXFileReference section */
		876057A923C3ECCD007467DC /* 許茹芸.app */ = {isa = PBXFileReference; explicitFileType = wrapper.application; includeInIndex = 0; path = "許茹芸.app"; sourceTree = BUILT_PRODUCTS_DIR; };
		876057AC23C3ECCD007467DC /* AppDelegate.swift */ = {isa = PBXFileReference; lastKnownFileType = sourcecode.swift; path = AppDelegate.swift; sourceTree = "<group>"; };
		876057AE23C3ECCD007467DC /* SceneDelegate.swift */ = {isa = PBXFileReference; lastKnownFileType = sourcecode.swift; path = SceneDelegate.swift; sourceTree = "<group>"; };
		876057B023C3ECCD007467DC /* ViewController.swift */ = {isa = PBXFileReference; lastKnownFileType = sourcecode.swift; path = ViewController.swift; sourceTree = "<group>"; };
		876057B323C3ECCD007467DC /* Base */ = {isa = PBXFileReference; lastKnownFileType = file.storyboard; name = Base; path = Base.lproj/Main.storyboard; sourceTree = "<group>"; };
		876057B523C3ECCE007467DC /* Assets.xcassets */ = {isa = PBXFileReference; lastKnownFileType = folder.assetcatalog; path = Assets.xcassets; sourceTree = "<group>"; };
		876057B823C3ECCE007467DC /* Base */ = {isa = PBXFileReference; lastKnownFileType = file.storyboard; name = Base; path = Base.lproj/LaunchScreen.storyboard; sourceTree = "<group>"; };
		876057BA23C3ECCE007467DC /* Info.plist */ = {isa = PBXFileReference; lastKnownFileType = text.plist.xml; path = Info.plist; sourceTree = "<group>"; };
		876057C223C3EF55007467DC /* 許茹芸.mp4 */ = {isa = PBXFileReference; lastKnownFileType = file; path = "許茹芸.mp4"; sourceTree = "<group>"; };
/* End PBXFileReference section */

/* Begin PBXFrameworksBuildPhase section */
		876057A623C3ECCD007467DC /* Frameworks */ = {
			isa = PBXFrameworksBuildPhase;
			buildActionMask = 2147483647;
			files = (
			);
			runOnlyForDeploymentPostprocessing = 0;
		};
/* End PBXFrameworksBuildPhase section */

/* Begin PBXGroup section */
		876057A023C3ECCD007467DC = {
			isa = PBXGroup;
			children = (
				876057AB23C3ECCD007467DC /* MTVPlayer */,
				876057AA23C3ECCD007467DC /* Products */,
			);
			sourceTree = "<group>";
		};
		876057AA23C3ECCD007467DC /* Products */ = {
			isa = PBXGroup;
			children = (
				876057A923C3ECCD007467DC /* 許茹芸.app */,
			);
			name = Products;
			sourceTree = "<group>";
		};
		876057AB23C3ECCD007467DC /* MTVPlayer */ = {
			isa = PBXGroup;
			children = (
				876057AC23C3ECCD007467DC /* AppDelegate.swift */,
				876057AE23C3ECCD007467DC /* SceneDelegate.swift */,
				876057B023C3ECCD007467DC /* ViewController.swift */,
				876057B223C3ECCD007467DC /* Main.storyboard */,
				876057C223C3EF55007467DC /* 許茹芸.mp4 */,
				876057B523C3ECCE007467DC /* Assets.xcassets */,
				876057B723C3ECCE007467DC /* LaunchScreen.storyboard */,
				876057BA23C3ECCE007467DC /* Info.plist */,
			);
			path = MTVPlayer;
			sourceTree = "<group>";
		};
/* End PBXGroup section */

/* Begin PBXNativeTarget section */
		876057A823C3ECCD007467DC /* MTVPlayer */ = {
			isa = PBXNativeTarget;
			buildConfigurationList = 876057BD23C3ECCE007467DC /* Build configuration list for PBXNativeTarget "MTVPlayer" */;
			buildPhases = (
				876057A523C3ECCD007467DC /* Sources */,
				876057A623C3ECCD007467DC /* Frameworks */,
				876057A723C3ECCD007467DC /* Resources */,
			);
			buildRules = (
			);
			dependencies = (
			);
			name = MTVPlayer;
			productName = MTVPlayer;
			productReference = 876057A923C3ECCD007467DC /* 許茹芸.app */;
			productType = "com.apple.product-type.application";
		};
/* End PBXNativeTarget section */

/* Begin PBXProject section */
		876057A123C3ECCD007467DC /* Project object */ = {
			isa = PBXProject;
			attributes = {
				LastSwiftUpdateCheck = 1130;
				LastUpgradeCheck = 1130;
				ORGANIZATIONNAME = "Jeff Chen";
				TargetAttributes = {
					876057A823C3ECCD007467DC = {
						CreatedOnToolsVersion = 11.3;
					};
				};
			};
			buildConfigurationList = 876057A423C3ECCD007467DC /* Build configuration list for PBXProject "MTVPlayer" */;
			compatibilityVersion = "Xcode 9.3";
			developmentRegion = en;
			hasScannedForEncodings = 0;
			knownRegions = (
				en,
				Base,
			);
			mainGroup = 876057A023C3ECCD007467DC;
			productRefGroup = 876057AA23C3ECCD007467DC /* Products */;
			projectDirPath = "";
			projectRoot = "";
			targets = (
				876057A823C3ECCD007467DC /* MTVPlayer */,
			);
		};
/* End PBXProject section */

/* Begin PBXResourcesBuildPhase section */
		876057A723C3ECCD007467DC /* Resources */ = {
			isa = PBXResourcesBuildPhase;
			buildActionMask = 2147483647;
			files = (
				876057B923C3ECCE007467DC /* LaunchScreen.storyboard in Resources */,
				876057B623C3ECCE007467DC /* Assets.xcassets in Resources */,
				876057C323C3EF55007467DC /* 許茹芸.mp4 in Resources */,
				876057B423C3ECCD007467DC /* Main.storyboard in Resources */,
			);
			runOnlyForDeploymentPostprocessing = 0;
		};
/* End PBXResourcesBuildPhase section */

/* Begin PBXSourcesBuildPhase section */
		876057A523C3ECCD007467DC /* Sources */ = {
			isa = PBXSourcesBuildPhase;
			buildActionMask = 2147483647;
			files = (
				876057B123C3ECCD007467DC /* ViewController.swift in Sources */,
				876057AD23C3ECCD007467DC /* AppDelegate.swift in Sources */,
				876057AF23C3ECCD007467DC /* SceneDelegate.swift in Sources */,
			);
			runOnlyForDeploymentPostprocessing = 0;
		};
/* End PBXSourcesBuildPhase section */

/* Begin PBXVariantGroup section */
		876057B223C3ECCD007467DC /* Main.storyboard */ = {
			isa = PBXVariantGroup;
			children = (
				876057B323C3ECCD007467DC /* Base */,
			);
			name = Main.storyboard;
			sourceTree = "<group>";
		};
		876057B723C3ECCE007467DC /* LaunchScreen.storyboard */ = {
			isa = PBXVariantGroup;
			children = (
				876057B823C3ECCE007467DC /* Base */,
			);
			name = LaunchScreen.storyboard;
			sourceTree = "<group>";
		};
/* End PBXVariantGroup section */

/* Begin XCBuildConfiguration section */
		876057BB23C3ECCE007467DC /* Debug */ = {
			isa = XCBuildConfiguration;
			buildSettings = {
				ALWAYS_SEARCH_USER_PATHS = NO;
				CLANG_ANALYZER_NONNULL = YES;
				CLANG_ANALYZER_NUMBER_OBJECT_CONVERSION = YES_AGGRESSIVE;
				CLANG_CXX_LANGUAGE_STANDARD = "gnu++14";
				CLANG_CXX_LIBRARY = "libc++";
				CLANG_ENABLE_MODULES = YES;
				CLANG_ENABLE_OBJC_ARC = YES;
				CLANG_ENABLE_OBJC_WEAK = YES;
				CLANG_WARN_BLOCK_CAPTURE_AUTORELEASING = YES;
				CLANG_WARN_BOOL_CONVERSION = YES;
				CLANG_WARN_COMMA = YES;
				CLANG_WARN_CONSTANT_CONVERSION = YES;
				CLANG_WARN_DEPRECATED_OBJC_IMPLEMENTATIONS = YES;
				CLANG_WARN_DIRECT_OBJC_ISA_USAGE = YES_ERROR;
				CLANG_WARN_DOCUMENTATION_COMMENTS = YES;
				CLANG_WARN_EMPTY_BODY = YES;
				CLANG_WARN_ENUM_CONVERSION = YES;
				CLANG_WARN_INFINITE_RECURSION = YES;
				CLANG_WARN_INT_CONVERSION = YES;
				CLANG_WARN_NON_LITERAL_NULL_CONVERSION = YES;
				CLANG_WARN_OBJC_IMPLICIT_RETAIN_SELF = YES;
				CLANG_WARN_OBJC_LITERAL_CONVERSION = YES;
				CLANG_WARN_OBJC_ROOT_CLASS = YES_ERROR;
				CLANG_WARN_RANGE_LOOP_ANALYSIS = YES;
				CLANG_WARN_STRICT_PROTOTYPES = YES;
				CLANG_WARN_SUSPICIOUS_MOVE = YES;
				CLANG_WARN_UNGUARDED_AVAILABILITY = YES_AGGRESSIVE;
				CLANG_WARN_UNREACHABLE_CODE = YES;
				CLANG_WARN__DUPLICATE_METHOD_MATCH = YES;
				COPY_PHASE_STRIP = NO;
				DEBUG_INFORMATION_FORMAT = dwarf;
				ENABLE_STRICT_OBJC_MSGSEND = YES;
				ENABLE_TESTABILITY = YES;
				GCC_C_LANGUAGE_STANDARD = gnu11;
				GCC_DYNAMIC_NO_PIC = NO;
				GCC_NO_COMMON_BLOCKS = YES;
				GCC_OPTIMIZATION_LEVEL = 0;
				GCC_PREPROCESSOR_DEFINITIONS = (
					"DEBUG=1",
					"$(inherited)",
				);
				GCC_WARN_64_TO_32_BIT_CONVERSION = YES;
				GCC_WARN_ABOUT_RETURN_TYPE = YES_ERROR;
				GCC_WARN_UNDECLARED_SELECTOR = YES;
				GCC_WARN_UNINITIALIZED_AUTOS = YES_AGGRESSIVE;
				GCC_WARN_UNUSED_FUNCTION = YES;
				GCC_WARN_UNUSED_VARIABLE = YES;
				IPHONEOS_DEPLOYMENT_TARGET = 13.2;
				MTL_ENABLE_DEBUG_INFO = INCLUDE_SOURCE;
				MTL_FAST_MATH = YES;
				ONLY_ACTIVE_ARCH = YES;
				SDKROOT = iphoneos;
				SWIFT_ACTIVE_COMPILATION_CONDITIONS = DEBUG;
				SWIFT_OPTIMIZATION_LEVEL = "-Onone";
			};
			name = Debug;
		};
		876057BC23C3ECCE007467DC /* Release */ = {
			isa = XCBuildConfiguration;
			buildSettings = {
				ALWAYS_SEARCH_USER_PATHS = NO;
				CLANG_ANALYZER_NONNULL = YES;
				CLANG_ANALYZER_NUMBER_OBJECT_CONVERSION = YES_AGGRESSIVE;
				CLANG_CXX_LANGUAGE_STANDARD = "gnu++14";
				CLANG_CXX_LIBRARY = "libc++";
				CLANG_ENABLE_MODULES = YES;
				CLANG_ENABLE_OBJC_ARC = YES;
				CLANG_ENABLE_OBJC_WEAK = YES;
				CLANG_WARN_BLOCK_CAPTURE_AUTORELEASING = YES;
				CLANG_WARN_BOOL_CONVERSION = YES;
				CLANG_WARN_COMMA = YES;
				CLANG_WARN_CONSTANT_CONVERSION = YES;
				CLANG_WARN_DEPRECATED_OBJC_IMPLEMENTATIONS = YES;
				CLANG_WARN_DIRECT_OBJC_ISA_USAGE = YES_ERROR;
				CLANG_WARN_DOCUMENTATION_COMMENTS = YES;
				CLANG_WARN_EMPTY_BODY = YES;
				CLANG_WARN_ENUM_CONVERSION = YES;
				CLANG_WARN_INFINITE_RECURSION = YES;
				CLANG_WARN_INT_CONVERSION = YES;
				CLANG_WARN_NON_LITERAL_NULL_CONVERSION = YES;
				CLANG_WARN_OBJC_IMPLICIT_RETAIN_SELF = YES;
				CLANG_WARN_OBJC_LITERAL_CONVERSION = YES;
				CLANG_WARN_OBJC_ROOT_CLASS = YES_ERROR;
				CLANG_WARN_RANGE_LOOP_ANALYSIS = YES;
				CLANG_WARN_STRICT_PROTOTYPES = YES;
				CLANG_WARN_SUSPICIOUS_MOVE = YES;
				CLANG_WARN_UNGUARDED_AVAILABILITY = YES_AGGRESSIVE;
				CLANG_WARN_UNREACHABLE_CODE = YES;
				CLANG_WARN__DUPLICATE_METHOD_MATCH = YES;
				COPY_PHASE_STRIP = NO;
				DEBUG_INFORMATION_FORMAT = "dwarf-with-dsym";
				ENABLE_NS_ASSERTIONS = NO;
				ENABLE_STRICT_OBJC_MSGSEND = YES;
				GCC_C_LANGUAGE_STANDARD = gnu11;
				GCC_NO_COMMON_BLOCKS = YES;
				GCC_WARN_64_TO_32_BIT_CONVERSION = YES;
				GCC_WARN_ABOUT_RETURN_TYPE = YES_ERROR;
				GCC_WARN_UNDECLARED_SELECTOR = YES;
				GCC_WARN_UNINITIALIZED_AUTOS = YES_AGGRESSIVE;
				GCC_WARN_UNUSED_FUNCTION = YES;
				GCC_WARN_UNUSED_VARIABLE = YES;
				IPHONEOS_DEPLOYMENT_TARGET = 13.2;
				MTL_ENABLE_DEBUG_INFO = NO;
				MTL_FAST_MATH = YES;
				SDKROOT = iphoneos;
				SWIFT_COMPILATION_MODE = wholemodule;
				SWIFT_OPTIMIZATION_LEVEL = "-O";
				VALIDATE_PRODUCT = YES;
			};
			name = Release;
		};
		876057BE23C3ECCE007467DC /* Debug */ = {
			isa = XCBuildConfiguration;
			buildSettings = {
				ASSETCATALOG_COMPILER_APPICON_NAME = AppIcon;
				CODE_SIGN_STYLE = Automatic;
				DEVELOPMENT_TEAM = P8MPFZZ85F;
				INFOPLIST_FILE = MTVPlayer/Info.plist;
				IPHONEOS_DEPLOYMENT_TARGET = 13.0;
				LD_RUNPATH_SEARCH_PATHS = (
					"$(inherited)",
					"@executable_path/Frameworks",
				);
				PRODUCT_BUNDLE_IDENTIFIER = MobilityWare.MTVPlayer;
				PRODUCT_NAME = "許茹芸";
				SWIFT_VERSION = 5.0;
				TARGETED_DEVICE_FAMILY = "1,2";
			};
			name = Debug;
		};
		876057BF23C3ECCE007467DC /* Release */ = {
			isa = XCBuildConfiguration;
			buildSettings = {
				ASSETCATALOG_COMPILER_APPICON_NAME = AppIcon;
				CODE_SIGN_STYLE = Automatic;
				DEVELOPMENT_TEAM = P8MPFZZ85F;
				INFOPLIST_FILE = MTVPlayer/Info.plist;
				IPHONEOS_DEPLOYMENT_TARGET = 13.0;
				LD_RUNPATH_SEARCH_PATHS = (
					"$(inherited)",
					"@executable_path/Frameworks",
				);
				PRODUCT_BUNDLE_IDENTIFIER = MobilityWare.MTVPlayer;
				PRODUCT_NAME = "許茹芸";
				SWIFT_VERSION = 5.0;
				TARGETED_DEVICE_FAMILY = "1,2";
			};
			name = Release;
		};
/* End XCBuildConfiguration section */

/* Begin XCConfigurationList section */
		876057A423C3ECCD007467DC /* Build configuration list for PBXProject "MTVPlayer" */ = {
			isa = XCConfigurationList;
			buildConfigurations = (
				876057BB23C3ECCE007467DC /* Debug */,
				876057BC23C3ECCE007467DC /* Release */,
			);
			defaultConfigurationIsVisible = 0;
			defaultConfigurationName = Release;
		};
		876057BD23C3ECCE007467DC /* Build configuration list for PBXNativeTarget "MTVPlayer" */ = {
			isa = XCConfigurationList;
			buildConfigurations = (
				876057BE23C3ECCE007467DC /* Debug */,
				876057BF23C3ECCE007467DC /* Release */,
			);
			defaultConfigurationIsVisible = 0;
			defaultConfigurationName = Release;
		};
/* End XCConfigurationList section */
	};
	rootObject = 876057A123C3ECCD007467DC /* Project object */;
}
